// !$*UTF8*$!
{
	archiveVersion = 1;
	classes = {
	};
	objectVersion = 77;
	objects = {

/* Begin PBXBuildFile section */
		2DBF28442F3A7A43009C50A7 /* AppDelegate.swift in Sources */ = {isa = PBXBuildFile; fileRef = 2DBF28432F3A7A43009C50A7 /* AppDelegate.swift */; };
		2DBF28462F3A7A43009C50A7 /* SceneDelegate.swift in Sources */ = {isa = PBXBuildFile; fileRef = 2DBF28452F3A7A43009C50A7 /* SceneDelegate.swift */; };
		2DBF28492F3A7A43009C50A7 /* LaunchScreen.storyboard in Resources */ = {isa = PBXBuildFile; fileRef = 2DBF28472F3A7A43009C50A7 /* LaunchScreen.storyboard */; };
		2DBF284C2F3A7A43009C50A7 /* Main.storyboard in Resources */ = {isa = PBXBuildFile; fileRef = 2DBF284A2F3A7A43009C50A7 /* Main.storyboard */; };
		2DBF28552F3A7A43009C50A7 /* AppDelegate.swift in Sources */ = {isa = PBXBuildFile; fileRef = 2DBF28542F3A7A43009C50A7 /* AppDelegate.swift */; };
		2DBF28582F3A7A43009C50A7 /* Main.storyboard in Resources */ = {isa = PBXBuildFile; fileRef = 2DBF28562F3A7A43009C50A7 /* Main.storyboard */; };
		2DBF285F2F3A7A43009C50A7 /* Safari Demo Extension Extension.appex in Embed Foundation Extensions */ = {isa = PBXBuildFile; fileRef = 2DBF285E2F3A7A43009C50A7 /* Safari Demo Extension Extension.appex */; settings = {ATTRIBUTES = (RemoveHeadersOnCopy, ); }; };
		2DBF28692F3A7A43009C50A7 /* Safari Demo Extension Extension.appex in Embed Foundation Extensions */ = {isa = PBXBuildFile; fileRef = 2DBF28682F3A7A43009C50A7 /* Safari Demo Extension Extension.appex */; settings = {ATTRIBUTES = (RemoveHeadersOnCopy, ); }; };
		2DBF286E2F3A7A43009C50A7 /* Main.html in Resources */ = {isa = PBXBuildFile; fileRef = 2DBF28332F3A7A43009C50A7 /* Main.html */; };
		2DBF286F2F3A7A43009C50A7 /* Main.html in Resources */ = {isa = PBXBuildFile; fileRef = 2DBF28332F3A7A43009C50A7 /* Main.html */; };
		2DBF28702F3A7A43009C50A7 /* Icon.png in Resources */ = {isa = PBXBuildFile; fileRef = 2DBF28352F3A7A43009C50A7 /* Icon.png */; };
		2DBF28712F3A7A43009C50A7 /* Icon.png in Resources */ = {isa = PBXBuildFile; fileRef = 2DBF28352F3A7A43009C50A7 /* Icon.png */; };
		2DBF28722F3A7A43009C50A7 /* Style.css in Resources */ = {isa = PBXBuildFile; fileRef = 2DBF28362F3A7A43009C50A7 /* Style.css */; };
		2DBF28732F3A7A43009C50A7 /* Style.css in Resources */ = {isa = PBXBuildFile; fileRef = 2DBF28362F3A7A43009C50A7 /* Style.css */; };
		2DBF28742F3A7A43009C50A7 /* Script.js in Resources */ = {isa = PBXBuildFile; fileRef = 2DBF28372F3A7A43009C50A7 /* Script.js */; };
		2DBF28752F3A7A43009C50A7 /* Script.js in Resources */ = {isa = PBXBuildFile; fileRef = 2DBF28372F3A7A43009C50A7 /* Script.js */; };
		2DBF28762F3A7A43009C50A7 /* ViewController.swift in Sources */ = {isa = PBXBuildFile; fileRef = 2DBF28382F3A7A43009C50A7 /* ViewController.swift */; };
		2DBF28772F3A7A43009C50A7 /* ViewController.swift in Sources */ = {isa = PBXBuildFile; fileRef = 2DBF28382F3A7A43009C50A7 /* ViewController.swift */; };
		2DBF28782F3A7A43009C50A7 /* Assets.xcassets in Resources */ = {isa = PBXBuildFile; fileRef = 2DBF28392F3A7A43009C50A7 /* Assets.xcassets */; };
		2DBF28792F3A7A43009C50A7 /* Assets.xcassets in Resources */ = {isa = PBXBuildFile; fileRef = 2DBF28392F3A7A43009C50A7 /* Assets.xcassets */; };
		2DBF287A2F3A7A43009C50A7 /* SafariWebExtensionHandler.swift in Sources */ = {isa = PBXBuildFile; fileRef = 2DBF283B2F3A7A43009C50A7 /* SafariWebExtensionHandler.swift */; };
		2DBF287B2F3A7A43009C50A7 /* SafariWebExtensionHandler.swift in Sources */ = {isa = PBXBuildFile; fileRef = 2DBF283B2F3A7A43009C50A7 /* SafariWebExtensionHandler.swift */; };
		2DBF28982F3A7A44009C50A7 /* icon-16.png in Resources */ = {isa = PBXBuildFile; fileRef = 2DBF288D2F3A7A44009C50A7 /* icon-16.png */; };
		2DBF28992F3A7A44009C50A7 /* background.js in Resources */ = {isa = PBXBuildFile; fileRef = 2DBF288E2F3A7A44009C50A7 /* background.js */; };
		2DBF289A2F3A7A44009C50A7 /* popup.html in Resources */ = {isa = PBXBuildFile; fileRef = 2DBF288F2F3A7A44009C50A7 /* popup.html */; };
		2DBF289B2F3A7A44009C50A7 /* icon-48.png in Resources */ = {isa = PBXBuildFile; fileRef = 2DBF28902F3A7A44009C50A7 /* icon-48.png */; };
		2DBF289C2F3A7A44009C50A7 /* newtab.html in Resources */ = {isa = PBXBuildFile; fileRef = 2DBF28912F3A7A44009C50A7 /* newtab.html */; };
		2DBF289D2F3A7A44009C50A7 /* chunks in Resources */ = {isa = PBXBuildFile; fileRef = 2DBF28922F3A7A44009C50A7 /* chunks */; };
		2DBF289E2F3A7A44009C50A7 /* content-scripts in Resources */ = {isa = PBXBuildFile; fileRef = 2DBF28932F3A7A44009C50A7 /* content-scripts */; };
		2DBF289F2F3A7A44009C50A7 /* manifest.json in Resources */ = {isa = PBXBuildFile; fileRef = 2DBF28942F3A7A44009C50A7 /* manifest.json */; };
		2DBF28A02F3A7A44009C50A7 /* options.html in Resources */ = {isa = PBXBuildFile; fileRef = 2DBF28952F3A7A44009C50A7 /* options.html */; };
		2DBF28A12F3A7A44009C50A7 /* assets in Resources */ = {isa = PBXBuildFile; fileRef = 2DBF28962F3A7A44009C50A7 /* assets */; };
		2DBF28A22F3A7A44009C50A7 /* icon-32.png in Resources */ = {isa = PBXBuildFile; fileRef = 2DBF28972F3A7A44009C50A7 /* icon-32.png */; };
		2DBF28A32F3A7A44009C50A7 /* icon-16.png in Resources */ = {isa = PBXBuildFile; fileRef = 2DBF288D2F3A7A44009C50A7 /* icon-16.png */; };
		2DBF28A42F3A7A44009C50A7 /* background.js in Resources */ = {isa = PBXBuildFile; fileRef = 2DBF288E2F3A7A44009C50A7 /* background.js */; };
		2DBF28A52F3A7A44009C50A7 /* popup.html in Resources */ = {isa = PBXBuildFile; fileRef = 2DBF288F2F3A7A44009C50A7 /* popup.html */; };
		2DBF28A62F3A7A44009C50A7 /* icon-48.png in Resources */ = {isa = PBXBuildFile; fileRef = 2DBF28902F3A7A44009C50A7 /* icon-48.png */; };
		2DBF28A72F3A7A44009C50A7 /* newtab.html in Resources */ = {isa = PBXBuildFile; fileRef = 2DBF28912F3A7A44009C50A7 /* newtab.html */; };
		2DBF28A82F3A7A44009C50A7 /* chunks in Resources */ = {isa = PBXBuildFile; fileRef = 2DBF28922F3A7A44009C50A7 /* chunks */; };
		2DBF28A92F3A7A44009C50A7 /* content-scripts in Resources */ = {isa = PBXBuildFile; fileRef = 2DBF28932F3A7A44009C50A7 /* content-scripts */; };
		2DBF28AA2F3A7A44009C50A7 /* manifest.json in Resources */ = {isa = PBXBuildFile; fileRef = 2DBF28942F3A7A44009C50A7 /* manifest.json */; };
		2DBF28AB2F3A7A44009C50A7 /* options.html in Resources */ = {isa = PBXBuildFile; fileRef = 2DBF28952F3A7A44009C50A7 /* options.html */; };
		2DBF28AC2F3A7A44009C50A7 /* assets in Resources */ = {isa = PBXBuildFile; fileRef = 2DBF28962F3A7A44009C50A7 /* assets */; };
		2DBF28AD2F3A7A44009C50A7 /* icon-32.png in Resources */ = {isa = PBXBuildFile; fileRef = 2DBF28972F3A7A44009C50A7 /* icon-32.png */; };
/* End PBXBuildFile section */

/* Begin PBXContainerItemProxy section */
		2DBF28602F3A7A43009C50A7 /* PBXContainerItemProxy */ = {
			isa = PBXContainerItemProxy;
			containerPortal = 2DBF282D2F3A7A42009C50A7 /* Project object */;
			proxyType = 1;
			remoteGlobalIDString = 2DBF285D2F3A7A43009C50A7;
			remoteInfo = "Safari Demo Extension Extension (iOS)";
		};
		2DBF286A2F3A7A43009C50A7 /* PBXContainerItemProxy */ = {
			isa = PBXContainerItemProxy;
			containerPortal = 2DBF282D2F3A7A42009C50A7 /* Project object */;
			proxyType = 1;
			remoteGlobalIDString = 2DBF28672F3A7A43009C50A7;
			remoteInfo = "Safari Demo Extension Extension (macOS)";
		};
/* End PBXContainerItemProxy section */

/* Begin PBXCopyFilesBuildPhase section */
		2DBF28812F3A7A43009C50A7 /* Embed Foundation Extensions */ = {
			isa = PBXCopyFilesBuildPhase;
			buildActionMask = 2147483647;
			dstPath = "";
			dstSubfolderSpec = 13;
			files = (
				2DBF285F2F3A7A43009C50A7 /* Safari Demo Extension Extension.appex in Embed Foundation Extensions */,
			);
			name = "Embed Foundation Extensions";
			runOnlyForDeploymentPostprocessing = 0;
		};
		2DBF28882F3A7A43009C50A7 /* Embed Foundation Extensions */ = {
			isa = PBXCopyFilesBuildPhase;
			buildActionMask = 2147483647;
			dstPath = "";
			dstSubfolderSpec = 13;
			files = (
				2DBF28692F3A7A43009C50A7 /* Safari Demo Extension Extension.appex in Embed Foundation Extensions */,
			);
			name = "Embed Foundation Extensions";
			runOnlyForDeploymentPostprocessing = 0;
		};
/* End PBXCopyFilesBuildPhase section */

/* Begin PBXFileReference section */
		2DBF28342F3A7A43009C50A7 /* Base */ = {isa = PBXFileReference; lastKnownFileType = text.html; name = Base; path = Base.lproj/Main.html; sourceTree = "<group>"; };
		2DBF28352F3A7A43009C50A7 /* Icon.png */ = {isa = PBXFileReference; lastKnownFileType = image.png; path = Icon.png; sourceTree = "<group>"; };
		2DBF28362F3A7A43009C50A7 /* Style.css */ = {isa = PBXFileReference; lastKnownFileType = text.css; path = Style.css; sourceTree = "<group>"; };
		2DBF28372F3A7A43009C50A7 /* Script.js */ = {isa = PBXFileReference; lastKnownFileType = sourcecode.javascript; path = Script.js; sourceTree = "<group>"; };
		2DBF28382F3A7A43009C50A7 /* ViewController.swift */ = {isa = PBXFileReference; lastKnownFileType = sourcecode.swift; path = ViewController.swift; sourceTree = "<group>"; };
		2DBF28392F3A7A43009C50A7 /* Assets.xcassets */ = {isa = PBXFileReference; lastKnownFileType = folder.assetcatalog; path = Assets.xcassets; sourceTree = "<group>"; };
		2DBF283B2F3A7A43009C50A7 /* SafariWebExtensionHandler.swift */ = {isa = PBXFileReference; lastKnownFileType = sourcecode.swift; path = SafariWebExtensionHandler.swift; sourceTree = "<group>"; };
		2DBF28402F3A7A43009C50A7 /* Safari Demo Extension.app */ = {isa = PBXFileReference; explicitFileType = wrapper.application; includeInIndex = 0; path = "Safari Demo Extension.app"; sourceTree = BUILT_PRODUCTS_DIR; };
		2DBF28432F3A7A43009C50A7 /* AppDelegate.swift */ = {isa = PBXFileReference; lastKnownFileType = sourcecode.swift; path = AppDelegate.swift; sourceTree = "<group>"; };
		2DBF28452F3A7A43009C50A7 /* SceneDelegate.swift */ = {isa = PBXFileReference; lastKnownFileType = sourcecode.swift; path = SceneDelegate.swift; sourceTree = "<group>"; };
		2DBF28482F3A7A43009C50A7 /* Base */ = {isa = PBXFileReference; lastKnownFileType = file.storyboard; name = Base; path = Base.lproj/LaunchScreen.storyboard; sourceTree = "<group>"; };
		2DBF284B2F3A7A43009C50A7 /* Base */ = {isa = PBXFileReference; lastKnownFileType = file.storyboard; name = Base; path = Base.lproj/Main.storyboard; sourceTree = "<group>"; };
		2DBF284D2F3A7A43009C50A7 /* Info.plist */ = {isa = PBXFileReference; lastKnownFileType = text.plist.xml; path = Info.plist; sourceTree = "<group>"; };
		2DBF28522F3A7A43009C50A7 /* Safari Demo Extension.app */ = {isa = PBXFileReference; explicitFileType = wrapper.application; includeInIndex = 0; path = "Safari Demo Extension.app"; sourceTree = BUILT_PRODUCTS_DIR; };
		2DBF28542F3A7A43009C50A7 /* AppDelegate.swift */ = {isa = PBXFileReference; lastKnownFileType = sourcecode.swift; path = AppDelegate.swift; sourceTree = "<group>"; };
		2DBF28572F3A7A43009C50A7 /* Base */ = {isa = PBXFileReference; lastKnownFileType = file.storyboard; name = Base; path = Base.lproj/Main.storyboard; sourceTree = "<group>"; };
		2DBF28592F3A7A43009C50A7 /* Info.plist */ = {isa = PBXFileReference; lastKnownFileType = text.plist.xml; path = Info.plist; sourceTree = "<group>"; };
		2DBF285E2F3A7A43009C50A7 /* Safari Demo Extension Extension.appex */ = {isa = PBXFileReference; explicitFileType = "wrapper.app-extension"; includeInIndex = 0; path = "Safari Demo Extension Extension.appex"; sourceTree = BUILT_PRODUCTS_DIR; };
		2DBF28632F3A7A43009C50A7 /* Info.plist */ = {isa = PBXFileReference; lastKnownFileType = text.plist.xml; path = Info.plist; sourceTree = "<group>"; };
		2DBF28682F3A7A43009C50A7 /* Safari Demo Extension Extension.appex */ = {isa = PBXFileReference; explicitFileType = "wrapper.app-extension"; includeInIndex = 0; path = "Safari Demo Extension Extension.appex"; sourceTree = BUILT_PRODUCTS_DIR; };
		2DBF286D2F3A7A43009C50A7 /* Info.plist */ = {isa = PBXFileReference; lastKnownFileType = text.plist.xml; path = Info.plist; sourceTree = "<group>"; };
		2DBF288D2F3A7A44009C50A7 /* icon-16.png */ = {isa = PBXFileReference; lastKnownFileType = image.png; name = "icon-16.png"; path = "Resources/icon-16.png"; sourceTree = "<group>"; };
		2DBF288E2F3A7A44009C50A7 /* background.js */ = {isa = PBXFileReference; lastKnownFileType = sourcecode.javascript; name = background.js; path = Resources/background.js; sourceTree = "<group>"; };
		2DBF288F2F3A7A44009C50A7 /* popup.html */ = {isa = PBXFileReference; lastKnownFileType = text.html; name = popup.html; path = Resources/popup.html; sourceTree = "<group>"; };
		2DBF28902F3A7A44009C50A7 /* icon-48.png */ = {isa = PBXFileReference; lastKnownFileType = image.png; name = "icon-48.png"; path = "Resources/icon-48.png"; sourceTree = "<group>"; };
		2DBF28912F3A7A44009C50A7 /* newtab.html */ = {isa = PBXFileReference; lastKnownFileType = text.html; name = newtab.html; path = Resources/newtab.html; sourceTree = "<group>"; };
		2DBF28922F3A7A44009C50A7 /* chunks */ = {isa = PBXFileReference; lastKnownFileType = folder; name = chunks; path = Resources/chunks; sourceTree = "<group>"; };
		2DBF28932F3A7A44009C50A7 /* content-scripts */ = {isa = PBXFileReference; lastKnownFileType = folder; name = "content-scripts"; path = "Resources/content-scripts"; sourceTree = "<group>"; };
		2DBF28942F3A7A44009C50A7 /* manifest.json */ = {isa = PBXFileReference; lastKnownFileType = text.json; name = manifest.json; path = Resources/manifest.json; sourceTree = "<group>"; };
		2DBF28952F3A7A44009C50A7 /* options.html */ = {isa = PBXFileReference; lastKnownFileType = text.html; name = options.html; path = Resources/options.html; sourceTree = "<group>"; };
		2DBF28962F3A7A44009C50A7 /* assets */ = {isa = PBXFileReference; lastKnownFileType = folder; name = assets; path = Resources/assets; sourceTree = "<group>"; };
		2DBF28972F3A7A44009C50A7 /* icon-32.png */ = {isa = PBXFileReference; lastKnownFileType = image.png; name = "icon-32.png"; path = "Resources/icon-32.png"; sourceTree = "<group>"; };
/* End PBXFileReference section */

/* Begin PBXFrameworksBuildPhase section */
		2DBF283D2F3A7A43009C50A7 /* Frameworks */ = {
			isa = PBXFrameworksBuildPhase;
			buildActionMask = 2147483647;
			files = (
			);
			runOnlyForDeploymentPostprocessing = 0;
		};
		2DBF284F2F3A7A43009C50A7 /* Frameworks */ = {
			isa = PBXFrameworksBuildPhase;
			buildActionMask = 2147483647;
			files = (
			);
			runOnlyForDeploymentPostprocessing = 0;
		};
		2DBF285B2F3A7A43009C50A7 /* Frameworks */ = {
			isa = PBXFrameworksBuildPhase;
			buildActionMask = 2147483647;
			files = (
			);
			runOnlyForDeploymentPostprocessing = 0;
		};
		2DBF28652F3A7A43009C50A7 /* Frameworks */ = {
			isa = PBXFrameworksBuildPhase;
			buildActionMask = 2147483647;
			files = (
			);
			runOnlyForDeploymentPostprocessing = 0;
		};
/* End PBXFrameworksBuildPhase section */

/* Begin PBXGroup section */
		2DBF282C2F3A7A42009C50A7 = {
			isa = PBXGroup;
			children = (
				2DBF28312F3A7A43009C50A7 /* Shared (App) */,
				2DBF283A2F3A7A43009C50A7 /* Shared (Extension) */,
				2DBF28422F3A7A43009C50A7 /* iOS (App) */,
				2DBF28532F3A7A43009C50A7 /* macOS (App) */,
				2DBF28622F3A7A43009C50A7 /* iOS (Extension) */,
				2DBF286C2F3A7A43009C50A7 /* macOS (Extension) */,
				2DBF28412F3A7A43009C50A7 /* Products */,
			);
			sourceTree = "<group>";
		};
		2DBF28312F3A7A43009C50A7 /* Shared (App) */ = {
			isa = PBXGroup;
			children = (
				2DBF28382F3A7A43009C50A7 /* ViewController.swift */,
				2DBF28392F3A7A43009C50A7 /* Assets.xcassets */,
				2DBF28322F3A7A43009C50A7 /* Resources */,
			);
			path = "Shared (App)";
			sourceTree = "<group>";
		};
		2DBF28322F3A7A43009C50A7 /* Resources */ = {
			isa = PBXGroup;
			children = (
				2DBF28332F3A7A43009C50A7 /* Main.html */,
				2DBF28352F3A7A43009C50A7 /* Icon.png */,
				2DBF28362F3A7A43009C50A7 /* Style.css */,
				2DBF28372F3A7A43009C50A7 /* Script.js */,
			);
			path = Resources;
			sourceTree = "<group>";
		};
		2DBF283A2F3A7A43009C50A7 /* Shared (Extension) */ = {
			isa = PBXGroup;
			children = (
				2DBF288C2F3A7A44009C50A7 /* Resources */,
				2DBF283B2F3A7A43009C50A7 /* SafariWebExtensionHandler.swift */,
			);
			path = "Shared (Extension)";
			sourceTree = "<group>";
		};
		2DBF28412F3A7A43009C50A7 /* Products */ = {
			isa = PBXGroup;
			children = (
				2DBF28402F3A7A43009C50A7 /* Safari Demo Extension.app */,
				2DBF28522F3A7A43009C50A7 /* Safari Demo Extension.app */,
				2DBF285E2F3A7A43009C50A7 /* Safari Demo Extension Extension.appex */,
				2DBF28682F3A7A43009C50A7 /* Safari Demo Extension Extension.appex */,
			);
			name = Products;
			sourceTree = "<group>";
		};
		2DBF28422F3A7A43009C50A7 /* iOS (App) */ = {
			isa = PBXGroup;
			children = (
				2DBF28432F3A7A43009C50A7 /* AppDelegate.swift */,
				2DBF28452F3A7A43009C50A7 /* SceneDelegate.swift */,
				2DBF28472F3A7A43009C50A7 /* LaunchScreen.storyboard */,
				2DBF284A2F3A7A43009C50A7 /* Main.storyboard */,
				2DBF284D2F3A7A43009C50A7 /* Info.plist */,
			);
			path = "iOS (App)";
			sourceTree = "<group>";
		};
		2DBF28532F3A7A43009C50A7 /* macOS (App) */ = {
			isa = PBXGroup;
			children = (
				2DBF28542F3A7A43009C50A7 /* AppDelegate.swift */,
				2DBF28562F3A7A43009C50A7 /* Main.storyboard */,
				2DBF28592F3A7A43009C50A7 /* Info.plist */,
			);
			path = "macOS (App)";
			sourceTree = "<group>";
		};
		2DBF28622F3A7A43009C50A7 /* iOS (Extension) */ = {
			isa = PBXGroup;
			children = (
				2DBF28632F3A7A43009C50A7 /* Info.plist */,
			);
			path = "iOS (Extension)";
			sourceTree = "<group>";
		};
		2DBF286C2F3A7A43009C50A7 /* macOS (Extension) */ = {
			isa = PBXGroup;
			children = (
				2DBF286D2F3A7A43009C50A7 /* Info.plist */,
			);
			path = "macOS (Extension)";
			sourceTree = "<group>";
		};
		2DBF288C2F3A7A44009C50A7 /* Resources */ = {
			isa = PBXGroup;
			children = (
				2DBF288D2F3A7A44009C50A7 /* icon-16.png */,
				2DBF288E2F3A7A44009C50A7 /* background.js */,
				2DBF288F2F3A7A44009C50A7 /* popup.html */,
				2DBF28902F3A7A44009C50A7 /* icon-48.png */,
				2DBF28912F3A7A44009C50A7 /* newtab.html */,
				2DBF28922F3A7A44009C50A7 /* chunks */,
				2DBF28932F3A7A44009C50A7 /* content-scripts */,
				2DBF28942F3A7A44009C50A7 /* manifest.json */,
				2DBF28952F3A7A44009C50A7 /* options.html */,
				2DBF28962F3A7A44009C50A7 /* assets */,
				2DBF28972F3A7A44009C50A7 /* icon-32.png */,
			);
			name = Resources;
			path = "Shared (Extension)";
			sourceTree = SOURCE_ROOT;
		};
/* End PBXGroup section */

/* Begin PBXNativeTarget section */
		2DBF283F2F3A7A43009C50A7 /* Safari Demo Extension (iOS) */ = {
			isa = PBXNativeTarget;
			buildConfigurationList = 2DBF28822F3A7A43009C50A7 /* Build configuration list for PBXNativeTarget "Safari Demo Extension (iOS)" */;
			buildPhases = (
				2DBF283C2F3A7A43009C50A7 /* Sources */,
				2DBF283D2F3A7A43009C50A7 /* Frameworks */,
				2DBF283E2F3A7A43009C50A7 /* Resources */,
				2DBF28812F3A7A43009C50A7 /* Embed Foundation Extensions */,
			);
			buildRules = (
			);
			dependencies = (
				2DBF28612F3A7A43009C50A7 /* PBXTargetDependency */,
			);
			name = "Safari Demo Extension (iOS)";
			packageProductDependencies = (
			);
			productName = "Safari Demo Extension (iOS)";
			productReference = 2DBF28402F3A7A43009C50A7 /* Safari Demo Extension.app */;
			productType = "com.apple.product-type.application";
		};
		2DBF28512F3A7A43009C50A7 /* Safari Demo Extension (macOS) */ = {
			isa = PBXNativeTarget;
			buildConfigurationList = 2DBF28892F3A7A43009C50A7 /* Build configuration list for PBXNativeTarget "Safari Demo Extension (macOS)" */;
			buildPhases = (
				2DBF284E2F3A7A43009C50A7 /* Sources */,
				2DBF284F2F3A7A43009C50A7 /* Frameworks */,
				2DBF28502F3A7A43009C50A7 /* Resources */,
				2DBF28882F3A7A43009C50A7 /* Embed Foundation Extensions */,
			);
			buildRules = (
			);
			dependencies = (
				2DBF286B2F3A7A43009C50A7 /* PBXTargetDependency */,
			);
			name = "Safari Demo Extension (macOS)";
			packageProductDependencies = (
			);
			productName = "Safari Demo Extension (macOS)";
			productReference = 2DBF28522F3A7A43009C50A7 /* Safari Demo Extension.app */;
			productType = "com.apple.product-type.application";
		};
		2DBF285D2F3A7A43009C50A7 /* Safari Demo Extension Extension (iOS) */ = {
			isa = PBXNativeTarget;
			buildConfigurationList = 2DBF287E2F3A7A43009C50A7 /* Build configuration list for PBXNativeTarget "Safari Demo Extension Extension (iOS)" */;
			buildPhases = (
				2DBF285A2F3A7A43009C50A7 /* Sources */,
				2DBF285B2F3A7A43009C50A7 /* Frameworks */,
				2DBF285C2F3A7A43009C50A7 /* Resources */,
			);
			buildRules = (
			);
			dependencies = (
			);
			name = "Safari Demo Extension Extension (iOS)";
			packageProductDependencies = (
			);
			productName = "Safari Demo Extension Extension (iOS)";
			productReference = 2DBF285E2F3A7A43009C50A7 /* Safari Demo Extension Extension.appex */;
			productType = "com.apple.product-type.app-extension";
		};
		2DBF28672F3A7A43009C50A7 /* Safari Demo Extension Extension (macOS) */ = {
			isa = PBXNativeTarget;
			buildConfigurationList = 2DBF28852F3A7A43009C50A7 /* Build configuration list for PBXNativeTarget "Safari Demo Extension Extension (macOS)" */;
			buildPhases = (
				2DBF28642F3A7A43009C50A7 /* Sources */,
				2DBF28652F3A7A43009C50A7 /* Frameworks */,
				2DBF28662F3A7A43009C50A7 /* Resources */,
			);
			buildRules = (
			);
			dependencies = (
			);
			name = "Safari Demo Extension Extension (macOS)";
			packageProductDependencies = (
			);
			productName = "Safari Demo Extension Extension (macOS)";
			productReference = 2DBF28682F3A7A43009C50A7 /* Safari Demo Extension Extension.appex */;
			productType = "com.apple.product-type.app-extension";
		};
/* End PBXNativeTarget section */

/* Begin PBXProject section */
		2DBF282D2F3A7A42009C50A7 /* Project object */ = {
			isa = PBXProject;
			attributes = {
				BuildIndependentTargetsInParallel = 1;
				LastSwiftUpdateCheck = 2620;
				LastUpgradeCheck = 2620;
				TargetAttributes = {
					2DBF283F2F3A7A43009C50A7 = {
						CreatedOnToolsVersion = 26.2;
					};
					2DBF28512F3A7A43009C50A7 = {
						CreatedOnToolsVersion = 26.2;
					};
					2DBF285D2F3A7A43009C50A7 = {
						CreatedOnToolsVersion = 26.2;
					};
					2DBF28672F3A7A43009C50A7 = {
						CreatedOnToolsVersion = 26.2;
					};
				};
			};
			buildConfigurationList = 2DBF28302F3A7A42009C50A7 /* Build configuration list for PBXProject "Safari Demo Extension" */;
			developmentRegion = en;
			hasScannedForEncodings = 0;
			knownRegions = (
				en,
				Base,
			);
			mainGroup = 2DBF282C2F3A7A42009C50A7;
			minimizedProjectReferenceProxies = 1;
			preferredProjectObjectVersion = 77;
			productRefGroup = 2DBF28412F3A7A43009C50A7 /* Products */;
			projectDirPath = "";
			projectRoot = "";
			targets = (
				2DBF283F2F3A7A43009C50A7 /* Safari Demo Extension (iOS) */,
				2DBF28512F3A7A43009C50A7 /* Safari Demo Extension (macOS) */,
				2DBF285D2F3A7A43009C50A7 /* Safari Demo Extension Extension (iOS) */,
				2DBF28672F3A7A43009C50A7 /* Safari Demo Extension Extension (macOS) */,
			);
		};
/* End PBXProject section */

/* Begin PBXResourcesBuildPhase section */
		2DBF283E2F3A7A43009C50A7 /* Resources */ = {
			isa = PBXResourcesBuildPhase;
			buildActionMask = 2147483647;
			files = (
				2DBF28702F3A7A43009C50A7 /* Icon.png in Resources */,
				2DBF28492F3A7A43009C50A7 /* LaunchScreen.storyboard in Resources */,
				2DBF286E2F3A7A43009C50A7 /* Main.html in Resources */,
				2DBF28742F3A7A43009C50A7 /* Script.js in Resources */,
				2DBF28782F3A7A43009C50A7 /* Assets.xcassets in Resources */,
				2DBF284C2F3A7A43009C50A7 /* Main.storyboard in Resources */,
				2DBF28722F3A7A43009C50A7 /* Style.css in Resources */,
			);
			runOnlyForDeploymentPostprocessing = 0;
		};
		2DBF28502F3A7A43009C50A7 /* Resources */ = {
			isa = PBXResourcesBuildPhase;
			buildActionMask = 2147483647;
			files = (
				2DBF28712F3A7A43009C50A7 /* Icon.png in Resources */,
				2DBF28732F3A7A43009C50A7 /* Style.css in Resources */,
				2DBF28582F3A7A43009C50A7 /* Main.storyboard in Resources */,
				2DBF28752F3A7A43009C50A7 /* Script.js in Resources */,
				2DBF28792F3A7A43009C50A7 /* Assets.xcassets in Resources */,
				2DBF286F2F3A7A43009C50A7 /* Main.html in Resources */,
			);
			runOnlyForDeploymentPostprocessing = 0;
		};
		2DBF285C2F3A7A43009C50A7 /* Resources */ = {
			isa = PBXResourcesBuildPhase;
			buildActionMask = 2147483647;
			files = (
				2DBF28A82F3A7A44009C50A7 /* chunks in Resources */,
				2DBF28A92F3A7A44009C50A7 /* content-scripts in Resources */,
				2DBF28AD2F3A7A44009C50A7 /* icon-32.png in Resources */,
				2DBF28A62F3A7A44009C50A7 /* icon-48.png in Resources */,
				2DBF28A42F3A7A44009C50A7 /* background.js in Resources */,
				2DBF28AA2F3A7A44009C50A7 /* manifest.json in Resources */,
				2DBF28AC2F3A7A44009C50A7 /* assets in Resources */,
				2DBF28A52F3A7A44009C50A7 /* popup.html in Resources */,
				2DBF28A72F3A7A44009C50A7 /* newtab.html in Resources */,
				2DBF28A32F3A7A44009C50A7 /* icon-16.png in Resources */,
				2DBF28AB2F3A7A44009C50A7 /* options.html in Resources */,
			);
			runOnlyForDeploymentPostprocessing = 0;
		};
		2DBF28662F3A7A43009C50A7 /* Resources */ = {
			isa = PBXResourcesBuildPhase;
			buildActionMask = 2147483647;
			files = (
				2DBF289D2F3A7A44009C50A7 /* chunks in Resources */,
				2DBF289E2F3A7A44009C50A7 /* content-scripts in Resources */,
				2DBF28A22F3A7A44009C50A7 /* icon-32.png in Resources */,
				2DBF289B2F3A7A44009C50A7 /* icon-48.png in Resources */,
				2DBF28992F3A7A44009C50A7 /* background.js in Resources */,
				2DBF289F2F3A7A44009C50A7 /* manifest.json in Resources */,
				2DBF28A12F3A7A44009C50A7 /* assets in Resources */,
				2DBF289A2F3A7A44009C50A7 /* popup.html in Resources */,
				2DBF289C2F3A7A44009C50A7 /* newtab.html in Resources */,
				2DBF28982F3A7A44009C50A7 /* icon-16.png in Resources */,
				2DBF28A02F3A7A44009C50A7 /* options.html in Resources */,
			);
			runOnlyForDeploymentPostprocessing = 0;
		};
/* End PBXResourcesBuildPhase section */

/* Begin PBXSourcesBuildPhase section */
		2DBF283C2F3A7A43009C50A7 /* Sources */ = {
			isa = PBXSourcesBuildPhase;
			buildActionMask = 2147483647;
			files = (
				2DBF28762F3A7A43009C50A7 /* ViewController.swift in Sources */,
				2DBF28442F3A7A43009C50A7 /* AppDelegate.swift in Sources */,
				2DBF28462F3A7A43009C50A7 /* SceneDelegate.swift in Sources */,
			);
			runOnlyForDeploymentPostprocessing = 0;
		};
		2DBF284E2F3A7A43009C50A7 /* Sources */ = {
			isa = PBXSourcesBuildPhase;
			buildActionMask = 2147483647;
			files = (
				2DBF28772F3A7A43009C50A7 /* ViewController.swift in Sources */,
				2DBF28552F3A7A43009C50A7 /* AppDelegate.swift in Sources */,
			);
			runOnlyForDeploymentPostprocessing = 0;
		};
		2DBF285A2F3A7A43009C50A7 /* Sources */ = {
			isa = PBXSourcesBuildPhase;
			buildActionMask = 2147483647;
			files = (
				2DBF287A2F3A7A43009C50A7 /* SafariWebExtensionHandler.swift in Sources */,
			);
			runOnlyForDeploymentPostprocessing = 0;
		};
		2DBF28642F3A7A43009C50A7 /* Sources */ = {
			isa = PBXSourcesBuildPhase;
			buildActionMask = 2147483647;
			files = (
				2DBF287B2F3A7A43009C50A7 /* SafariWebExtensionHandler.swift in Sources */,
			);
			runOnlyForDeploymentPostprocessing = 0;
		};
/* End PBXSourcesBuildPhase section */

/* Begin PBXTargetDependency section */
		2DBF28612F3A7A43009C50A7 /* PBXTargetDependency */ = {
			isa = PBXTargetDependency;
			target = 2DBF285D2F3A7A43009C50A7 /* Safari Demo Extension Extension (iOS) */;
			targetProxy = 2DBF28602F3A7A43009C50A7 /* PBXContainerItemProxy */;
		};
		2DBF286B2F3A7A43009C50A7 /* PBXTargetDependency */ = {
			isa = PBXTargetDependency;
			target = 2DBF28672F3A7A43009C50A7 /* Safari Demo Extension Extension (macOS) */;
			targetProxy = 2DBF286A2F3A7A43009C50A7 /* PBXContainerItemProxy */;
		};
/* End PBXTargetDependency section */

/* Begin PBXVariantGroup section */
		2DBF28332F3A7A43009C50A7 /* Main.html */ = {
			isa = PBXVariantGroup;
			children = (
				2DBF28342F3A7A43009C50A7 /* Base */,
			);
			name = Main.html;
			sourceTree = "<group>";
		};
		2DBF28472F3A7A43009C50A7 /* LaunchScreen.storyboard */ = {
			isa = PBXVariantGroup;
			children = (
				2DBF28482F3A7A43009C50A7 /* Base */,
			);
			name = LaunchScreen.storyboard;
			sourceTree = "<group>";
		};
		2DBF284A2F3A7A43009C50A7 /* Main.storyboard */ = {
			isa = PBXVariantGroup;
			children = (
				2DBF284B2F3A7A43009C50A7 /* Base */,
			);
			name = Main.storyboard;
			sourceTree = "<group>";
		};
		2DBF28562F3A7A43009C50A7 /* Main.storyboard */ = {
			isa = PBXVariantGroup;
			children = (
				2DBF28572F3A7A43009C50A7 /* Base */,
			);
			name = Main.storyboard;
			sourceTree = "<group>";
		};
/* End PBXVariantGroup section */

/* Begin XCBuildConfiguration section */
		2DBF287C2F3A7A43009C50A7 /* Debug */ = {
			isa = XCBuildConfiguration;
			buildSettings = {
				ALWAYS_SEARCH_USER_PATHS = NO;
				ASSETCATALOG_COMPILER_GENERATE_SWIFT_ASSET_SYMBOL_EXTENSIONS = YES;
				CLANG_ANALYZER_NONNULL = YES;
				CLANG_ANALYZER_NUMBER_OBJECT_CONVERSION = YES_AGGRESSIVE;
				CLANG_CXX_LANGUAGE_STANDARD = "gnu++20";
				CLANG_ENABLE_MODULES = YES;
				CLANG_ENABLE_OBJC_ARC = YES;
				CLANG_ENABLE_OBJC_WEAK = YES;
				CLANG_WARN_BLOCK_CAPTURE_AUTORELEASING = YES;
				CLANG_WARN_BOOL_CONVERSION = YES;
				CLANG_WARN_COMMA = YES;
				CLANG_WARN_CONSTANT_CONVERSION = YES;
				CLANG_WARN_DEPRECATED_OBJC_IMPLEMENTATIONS = YES;
				CLANG_WARN_DIRECT_OBJC_ISA_USAGE = YES_ERROR;
				CLANG_WARN_DOCUMENTATION_COMMENTS = YES;
				CLANG_WARN_EMPTY_BODY = YES;
				CLANG_WARN_ENUM_CONVERSION = YES;
				CLANG_WARN_INFINITE_RECURSION = YES;
				CLANG_WARN_INT_CONVERSION = YES;
				CLANG_WARN_NON_LITERAL_NULL_CONVERSION = YES;
				CLANG_WARN_OBJC_IMPLICIT_RETAIN_SELF = YES;
				CLANG_WARN_OBJC_LITERAL_CONVERSION = YES;
				CLANG_WARN_OBJC_ROOT_CLASS = YES_ERROR;
				CLANG_WARN_QUOTED_INCLUDE_IN_FRAMEWORK_HEADER = YES;
				CLANG_WARN_RANGE_LOOP_ANALYSIS = YES;
				CLANG_WARN_STRICT_PROTOTYPES = YES;
				CLANG_WARN_SUSPICIOUS_MOVE = YES;
				CLANG_WARN_UNGUARDED_AVAILABILITY = YES_AGGRESSIVE;
				CLANG_WARN_UNREACHABLE_CODE = YES;
				CLANG_WARN__DUPLICATE_METHOD_MATCH = YES;
				COPY_PHASE_STRIP = NO;
				DEBUG_INFORMATION_FORMAT = dwarf;
				ENABLE_STRICT_OBJC_MSGSEND = YES;
				ENABLE_TESTABILITY = YES;
				ENABLE_USER_SCRIPT_SANDBOXING = YES;
				GCC_C_LANGUAGE_STANDARD = gnu17;
				GCC_DYNAMIC_NO_PIC = NO;
				GCC_NO_COMMON_BLOCKS = YES;
				GCC_OPTIMIZATION_LEVEL = 0;
				GCC_PREPROCESSOR_DEFINITIONS = (
					"DEBUG=1",
					"$(inherited)",
				);
				GCC_WARN_64_TO_32_BIT_CONVERSION = YES;
				GCC_WARN_ABOUT_RETURN_TYPE = YES_ERROR;
				GCC_WARN_UNDECLARED_SELECTOR = YES;
				GCC_WARN_UNINITIALIZED_AUTOS = YES_AGGRESSIVE;
				GCC_WARN_UNUSED_FUNCTION = YES;
				GCC_WARN_UNUSED_VARIABLE = YES;
				LOCALIZATION_PREFERS_STRING_CATALOGS = YES;
				MTL_ENABLE_DEBUG_INFO = INCLUDE_SOURCE;
				MTL_FAST_MATH = YES;
				ONLY_ACTIVE_ARCH = YES;
				SWIFT_ACTIVE_COMPILATION_CONDITIONS = "DEBUG $(inherited)";
				SWIFT_OPTIMIZATION_LEVEL = "-Onone";
			};
			name = Debug;
		};
		2DBF287D2F3A7A43009C50A7 /* Release */ = {
			isa = XCBuildConfiguration;
			buildSettings = {
				ALWAYS_SEARCH_USER_PATHS = NO;
				ASSETCATALOG_COMPILER_GENERATE_SWIFT_ASSET_SYMBOL_EXTENSIONS = YES;
				CLANG_ANALYZER_NONNULL = YES;
				CLANG_ANALYZER_NUMBER_OBJECT_CONVERSION = YES_AGGRESSIVE;
				CLANG_CXX_LANGUAGE_STANDARD = "gnu++20";
				CLANG_ENABLE_MODULES = YES;
				CLANG_ENABLE_OBJC_ARC = YES;
				CLANG_ENABLE_OBJC_WEAK = YES;
				CLANG_WARN_BLOCK_CAPTURE_AUTORELEASING = YES;
				CLANG_WARN_BOOL_CONVERSION = YES;
				CLANG_WARN_COMMA = YES;
				CLANG_WARN_CONSTANT_CONVERSION = YES;
				CLANG_WARN_DEPRECATED_OBJC_IMPLEMENTATIONS = YES;
				CLANG_WARN_DIRECT_OBJC_ISA_USAGE = YES_ERROR;
				CLANG_WARN_DOCUMENTATION_COMMENTS = YES;
				CLANG_WARN_EMPTY_BODY = YES;
				CLANG_WARN_ENUM_CONVERSION = YES;
				CLANG_WARN_INFINITE_RECURSION = YES;
				CLANG_WARN_INT_CONVERSION = YES;
				CLANG_WARN_NON_LITERAL_NULL_CONVERSION = YES;
				CLANG_WARN_OBJC_IMPLICIT_RETAIN_SELF = YES;
				CLANG_WARN_OBJC_LITERAL_CONVERSION = YES;
				CLANG_WARN_OBJC_ROOT_CLASS = YES_ERROR;
				CLANG_WARN_QUOTED_INCLUDE_IN_FRAMEWORK_HEADER = YES;
				CLANG_WARN_RANGE_LOOP_ANALYSIS = YES;
				CLANG_WARN_STRICT_PROTOTYPES = YES;
				CLANG_WARN_SUSPICIOUS_MOVE = YES;
				CLANG_WARN_UNGUARDED_AVAILABILITY = YES_AGGRESSIVE;
				CLANG_WARN_UNREACHABLE_CODE = YES;
				CLANG_WARN__DUPLICATE_METHOD_MATCH = YES;
				COPY_PHASE_STRIP = NO;
				DEBUG_INFORMATION_FORMAT = "dwarf-with-dsym";
				ENABLE_NS_ASSERTIONS = NO;
				ENABLE_STRICT_OBJC_MSGSEND = YES;
				ENABLE_USER_SCRIPT_SANDBOXING = YES;
				GCC_C_LANGUAGE_STANDARD = gnu17;
				GCC_NO_COMMON_BLOCKS = YES;
				GCC_WARN_64_TO_32_BIT_CONVERSION = YES;
				GCC_WARN_ABOUT_RETURN_TYPE = YES_ERROR;
				GCC_WARN_UNDECLARED_SELECTOR = YES;
				GCC_WARN_UNINITIALIZED_AUTOS = YES_AGGRESSIVE;
				GCC_WARN_UNUSED_FUNCTION = YES;
				GCC_WARN_UNUSED_VARIABLE = YES;
				LOCALIZATION_PREFERS_STRING_CATALOGS = YES;
				MTL_ENABLE_DEBUG_INFO = NO;
				MTL_FAST_MATH = YES;
				SWIFT_COMPILATION_MODE = wholemodule;
			};
			name = Release;
		};
		2DBF287F2F3A7A43009C50A7 /* Debug */ = {
			isa = XCBuildConfiguration;
			buildSettings = {
				CODE_SIGN_STYLE = Automatic;
				CURRENT_PROJECT_VERSION = 1;
				GENERATE_INFOPLIST_FILE = YES;
				INFOPLIST_FILE = "iOS (Extension)/Info.plist";
				INFOPLIST_KEY_CFBundleDisplayName = "Safari Demo Extension Extension";
				INFOPLIST_KEY_NSHumanReadableCopyright = "";
				IPHONEOS_DEPLOYMENT_TARGET = 15.0;
				LD_RUNPATH_SEARCH_PATHS = (
					"$(inherited)",
					"@executable_path/Frameworks",
					"@executable_path/../../Frameworks",
				);
				MARKETING_VERSION = 1.0;
				OTHER_LDFLAGS = (
					"-framework",
					SafariServices,
				);
				PRODUCT_BUNDLE_IDENTIFIER = "com.powernotes.safari-demo-extension.Extension";
				PRODUCT_NAME = "Safari Demo Extension Extension";
				SDKROOT = iphoneos;
				SKIP_INSTALL = YES;
				STRING_CATALOG_GENERATE_SYMBOLS = YES;
				SWIFT_APPROACHABLE_CONCURRENCY = YES;
				SWIFT_EMIT_LOC_STRINGS = YES;
				SWIFT_UPCOMING_FEATURE_MEMBER_IMPORT_VISIBILITY = YES;
				SWIFT_VERSION = 5.0;
				TARGETED_DEVICE_FAMILY = "1,2";
			};
			name = Debug;
		};
		2DBF28802F3A7A43009C50A7 /* Release */ = {
			isa = XCBuildConfiguration;
			buildSettings = {
				CODE_SIGN_STYLE = Automatic;
				CURRENT_PROJECT_VERSION = 1;
				GENERATE_INFOPLIST_FILE = YES;
				INFOPLIST_FILE = "iOS (Extension)/Info.plist";
				INFOPLIST_KEY_CFBundleDisplayName = "Safari Demo Extension Extension";
				INFOPLIST_KEY_NSHumanReadableCopyright = "";
				IPHONEOS_DEPLOYMENT_TARGET = 15.0;
				LD_RUNPATH_SEARCH_PATHS = (
					"$(inherited)",
					"@executable_path/Frameworks",
					"@executable_path/../../Frameworks",
				);
				MARKETING_VERSION = 1.0;
				OTHER_LDFLAGS = (
					"-framework",
					SafariServices,
				);
				PRODUCT_BUNDLE_IDENTIFIER = "com.powernotes.safari-demo-extension.Extension";
				PRODUCT_NAME = "Safari Demo Extension Extension";
				SDKROOT = iphoneos;
				SKIP_INSTALL = YES;
				STRING_CATALOG_GENERATE_SYMBOLS = YES;
				SWIFT_APPROACHABLE_CONCURRENCY = YES;
				SWIFT_EMIT_LOC_STRINGS = YES;
				SWIFT_UPCOMING_FEATURE_MEMBER_IMPORT_VISIBILITY = YES;
				SWIFT_VERSION = 5.0;
				TARGETED_DEVICE_FAMILY = "1,2";
				VALIDATE_PRODUCT = YES;
			};
			name = Release;
		};
		2DBF28832F3A7A43009C50A7 /* Debug */ = {
			isa = XCBuildConfiguration;
			buildSettings = {
				ASSETCATALOG_COMPILER_APPICON_NAME = AppIcon;
				ASSETCATALOG_COMPILER_GLOBAL_ACCENT_COLOR_NAME = AccentColor;
				CODE_SIGN_STYLE = Automatic;
				CURRENT_PROJECT_VERSION = 1;
				GENERATE_INFOPLIST_FILE = YES;
				INFOPLIST_FILE = "iOS (App)/Info.plist";
				INFOPLIST_KEY_CFBundleDisplayName = "Safari Demo Extension";
				INFOPLIST_KEY_UIApplicationSupportsIndirectInputEvents = YES;
				INFOPLIST_KEY_UILaunchStoryboardName = LaunchScreen;
				INFOPLIST_KEY_UIMainStoryboardFile = Main;
				INFOPLIST_KEY_UISupportedInterfaceOrientations = "UIInterfaceOrientationPortrait UIInterfaceOrientationLandscapeLeft UIInterfaceOrientationLandscapeRight";
				INFOPLIST_KEY_UISupportedInterfaceOrientations_iPad = "UIInterfaceOrientationPortrait UIInterfaceOrientationPortraitUpsideDown UIInterfaceOrientationLandscapeLeft UIInterfaceOrientationLandscapeRight";
				IPHONEOS_DEPLOYMENT_TARGET = 15.0;
				LD_RUNPATH_SEARCH_PATHS = (
					"$(inherited)",
					"@executable_path/Frameworks",
				);
				MARKETING_VERSION = 1.0;
				OTHER_LDFLAGS = (
					"-framework",
					SafariServices,
					"-framework",
					WebKit,
				);
				PRODUCT_BUNDLE_IDENTIFIER = "com.powernotes.safari-demo-extension";
				PRODUCT_NAME = "Safari Demo Extension";
				SDKROOT = iphoneos;
				STRING_CATALOG_GENERATE_SYMBOLS = YES;
				SWIFT_APPROACHABLE_CONCURRENCY = YES;
				SWIFT_DEFAULT_ACTOR_ISOLATION = MainActor;
				SWIFT_EMIT_LOC_STRINGS = YES;
				SWIFT_UPCOMING_FEATURE_MEMBER_IMPORT_VISIBILITY = YES;
				SWIFT_VERSION = 5.0;
				TARGETED_DEVICE_FAMILY = "1,2";
			};
			name = Debug;
		};
		2DBF28842F3A7A43009C50A7 /* Release */ = {
			isa = XCBuildConfiguration;
			buildSettings = {
				ASSETCATALOG_COMPILER_APPICON_NAME = AppIcon;
				ASSETCATALOG_COMPILER_GLOBAL_ACCENT_COLOR_NAME = AccentColor;
				CODE_SIGN_STYLE = Automatic;
				CURRENT_PROJECT_VERSION = 1;
				GENERATE_INFOPLIST_FILE = YES;
				INFOPLIST_FILE = "iOS (App)/Info.plist";
				INFOPLIST_KEY_CFBundleDisplayName = "Safari Demo Extension";
				INFOPLIST_KEY_UIApplicationSupportsIndirectInputEvents = YES;
				INFOPLIST_KEY_UILaunchStoryboardName = LaunchScreen;
				INFOPLIST_KEY_UIMainStoryboardFile = Main;
				INFOPLIST_KEY_UISupportedInterfaceOrientations = "UIInterfaceOrientationPortrait UIInterfaceOrientationLandscapeLeft UIInterfaceOrientationLandscapeRight";
				INFOPLIST_KEY_UISupportedInterfaceOrientations_iPad = "UIInterfaceOrientationPortrait UIInterfaceOrientationPortraitUpsideDown UIInterfaceOrientationLandscapeLeft UIInterfaceOrientationLandscapeRight";
				IPHONEOS_DEPLOYMENT_TARGET = 15.0;
				LD_RUNPATH_SEARCH_PATHS = (
					"$(inherited)",
					"@executable_path/Frameworks",
				);
				MARKETING_VERSION = 1.0;
				OTHER_LDFLAGS = (
					"-framework",
					SafariServices,
					"-framework",
					WebKit,
				);
				PRODUCT_BUNDLE_IDENTIFIER = "com.powernotes.safari-demo-extension";
				PRODUCT_NAME = "Safari Demo Extension";
				SDKROOT = iphoneos;
				STRING_CATALOG_GENERATE_SYMBOLS = YES;
				SWIFT_APPROACHABLE_CONCURRENCY = YES;
				SWIFT_DEFAULT_ACTOR_ISOLATION = MainActor;
				SWIFT_EMIT_LOC_STRINGS = YES;
				SWIFT_UPCOMING_FEATURE_MEMBER_IMPORT_VISIBILITY = YES;
				SWIFT_VERSION = 5.0;
				TARGETED_DEVICE_FAMILY = "1,2";
				VALIDATE_PRODUCT = YES;
			};
			name = Release;
		};
		2DBF28862F3A7A43009C50A7 /* Debug */ = {
			isa = XCBuildConfiguration;
			buildSettings = {
				CODE_SIGN_STYLE = Automatic;
				CURRENT_PROJECT_VERSION = 1;
				ENABLE_APP_SANDBOX = YES;
				ENABLE_HARDENED_RUNTIME = YES;
				ENABLE_USER_SELECTED_FILES = readonly;
				GENERATE_INFOPLIST_FILE = YES;
				INFOPLIST_FILE = "macOS (Extension)/Info.plist";
				INFOPLIST_KEY_CFBundleDisplayName = "Safari Demo Extension Extension";
				INFOPLIST_KEY_NSHumanReadableCopyright = "";
				LD_RUNPATH_SEARCH_PATHS = (
					"$(inherited)",
					"@executable_path/../Frameworks",
					"@executable_path/../../../../Frameworks",
				);
				MACOSX_DEPLOYMENT_TARGET = 10.14;
				MARKETING_VERSION = 1.0;
				OTHER_LDFLAGS = (
					"-framework",
					SafariServices,
				);
				PRODUCT_BUNDLE_IDENTIFIER = "com.powernotes.safari-demo-extension.Extension";
				PRODUCT_NAME = "Safari Demo Extension Extension";
				SDKROOT = macosx;
				SKIP_INSTALL = YES;
				STRING_CATALOG_GENERATE_SYMBOLS = YES;
				SWIFT_APPROACHABLE_CONCURRENCY = YES;
				SWIFT_EMIT_LOC_STRINGS = YES;
				SWIFT_UPCOMING_FEATURE_MEMBER_IMPORT_VISIBILITY = YES;
				SWIFT_VERSION = 5.0;
			};
			name = Debug;
		};
		2DBF28872F3A7A43009C50A7 /* Release */ = {
			isa = XCBuildConfiguration;
			buildSettings = {
				CODE_SIGN_STYLE = Automatic;
				CURRENT_PROJECT_VERSION = 1;
				ENABLE_APP_SANDBOX = YES;
				ENABLE_HARDENED_RUNTIME = YES;
				ENABLE_USER_SELECTED_FILES = readonly;
				GENERATE_INFOPLIST_FILE = YES;
				INFOPLIST_FILE = "macOS (Extension)/Info.plist";
				INFOPLIST_KEY_CFBundleDisplayName = "Safari Demo Extension Extension";
				INFOPLIST_KEY_NSHumanReadableCopyright = "";
				LD_RUNPATH_SEARCH_PATHS = (
					"$(inherited)",
					"@executable_path/../Frameworks",
					"@executable_path/../../../../Frameworks",
				);
				MACOSX_DEPLOYMENT_TARGET = 10.14;
				MARKETING_VERSION = 1.0;
				OTHER_LDFLAGS = (
					"-framework",
					SafariServices,
				);
				PRODUCT_BUNDLE_IDENTIFIER = "com.powernotes.safari-demo-extension.Extension";
				PRODUCT_NAME = "Safari Demo Extension Extension";
				SDKROOT = macosx;
				SKIP_INSTALL = YES;
				STRING_CATALOG_GENERATE_SYMBOLS = YES;
				SWIFT_APPROACHABLE_CONCURRENCY = YES;
				SWIFT_EMIT_LOC_STRINGS = YES;
				SWIFT_UPCOMING_FEATURE_MEMBER_IMPORT_VISIBILITY = YES;
				SWIFT_VERSION = 5.0;
			};
			name = Release;
		};
		2DBF288A2F3A7A43009C50A7 /* Debug */ = {
			isa = XCBuildConfiguration;
			buildSettings = {
				ASSETCATALOG_COMPILER_APPICON_NAME = AppIcon;
				ASSETCATALOG_COMPILER_GLOBAL_ACCENT_COLOR_NAME = AccentColor;
				CODE_SIGN_STYLE = Automatic;
				CURRENT_PROJECT_VERSION = 1;
				ENABLE_APP_SANDBOX = YES;
				ENABLE_HARDENED_RUNTIME = YES;
				ENABLE_OUTGOING_NETWORK_CONNECTIONS = YES;
				ENABLE_USER_SELECTED_FILES = readonly;
				GENERATE_INFOPLIST_FILE = YES;
				INFOPLIST_FILE = "macOS (App)/Info.plist";
				INFOPLIST_KEY_CFBundleDisplayName = "Safari Demo Extension";
				INFOPLIST_KEY_NSMainStoryboardFile = Main;
				INFOPLIST_KEY_NSPrincipalClass = NSApplication;
				LD_RUNPATH_SEARCH_PATHS = (
					"$(inherited)",
					"@executable_path/../Frameworks",
				);
				MACOSX_DEPLOYMENT_TARGET = 10.14;
				MARKETING_VERSION = 1.0;
				OTHER_LDFLAGS = (
					"-framework",
					SafariServices,
					"-framework",
					WebKit,
				);
				PRODUCT_BUNDLE_IDENTIFIER = "com.powernotes.safari-demo-extension";
				PRODUCT_NAME = "Safari Demo Extension";
				REGISTER_APP_GROUPS = YES;
				SDKROOT = macosx;
				STRING_CATALOG_GENERATE_SYMBOLS = YES;
				SWIFT_APPROACHABLE_CONCURRENCY = YES;
				SWIFT_DEFAULT_ACTOR_ISOLATION = MainActor;
				SWIFT_EMIT_LOC_STRINGS = YES;
				SWIFT_UPCOMING_FEATURE_MEMBER_IMPORT_VISIBILITY = YES;
				SWIFT_VERSION = 5.0;
			};
			name = Debug;
		};
		2DBF288B2F3A7A43009C50A7 /* Release */ = {
			isa = XCBuildConfiguration;
			buildSettings = {
				ASSETCATALOG_COMPILER_APPICON_NAME = AppIcon;
				ASSETCATALOG_COMPILER_GLOBAL_ACCENT_COLOR_NAME = AccentColor;
				CODE_SIGN_STYLE = Automatic;
				CURRENT_PROJECT_VERSION = 1;
				ENABLE_APP_SANDBOX = YES;
				ENABLE_HARDENED_RUNTIME = YES;
				ENABLE_OUTGOING_NETWORK_CONNECTIONS = YES;
				ENABLE_USER_SELECTED_FILES = readonly;
				GENERATE_INFOPLIST_FILE = YES;
				INFOPLIST_FILE = "macOS (App)/Info.plist";
				INFOPLIST_KEY_CFBundleDisplayName = "Safari Demo Extension";
				INFOPLIST_KEY_NSMainStoryboardFile = Main;
				INFOPLIST_KEY_NSPrincipalClass = NSApplication;
				LD_RUNPATH_SEARCH_PATHS = (
					"$(inherited)",
					"@executable_path/../Frameworks",
				);
				MACOSX_DEPLOYMENT_TARGET = 10.14;
				MARKETING_VERSION = 1.0;
				OTHER_LDFLAGS = (
					"-framework",
					SafariServices,
					"-framework",
					WebKit,
				);
				PRODUCT_BUNDLE_IDENTIFIER = "com.powernotes.safari-demo-extension";
				PRODUCT_NAME = "Safari Demo Extension";
				REGISTER_APP_GROUPS = YES;
				SDKROOT = macosx;
				STRING_CATALOG_GENERATE_SYMBOLS = YES;
				SWIFT_APPROACHABLE_CONCURRENCY = YES;
				SWIFT_DEFAULT_ACTOR_ISOLATION = MainActor;
				SWIFT_EMIT_LOC_STRINGS = YES;
				SWIFT_UPCOMING_FEATURE_MEMBER_IMPORT_VISIBILITY = YES;
				SWIFT_VERSION = 5.0;
			};
			name = Release;
		};
/* End XCBuildConfiguration section */

/* Begin XCConfigurationList section */
		2DBF28302F3A7A42009C50A7 /* Build configuration list for PBXProject "Safari Demo Extension" */ = {
			isa = XCConfigurationList;
			buildConfigurations = (
				2DBF287C2F3A7A43009C50A7 /* Debug */,
				2DBF287D2F3A7A43009C50A7 /* Release */,
			);
			defaultConfigurationIsVisible = 0;
			defaultConfigurationName = Release;
		};
		2DBF287E2F3A7A43009C50A7 /* Build configuration list for PBXNativeTarget "Safari Demo Extension Extension (iOS)" */ = {
			isa = XCConfigurationList;
			buildConfigurations = (
				2DBF287F2F3A7A43009C50A7 /* Debug */,
				2DBF28802F3A7A43009C50A7 /* Release */,
			);
			defaultConfigurationIsVisible = 0;
			defaultConfigurationName = Release;
		};
		2DBF28822F3A7A43009C50A7 /* Build configuration list for PBXNativeTarget "Safari Demo Extension (iOS)" */ = {
			isa = XCConfigurationList;
			buildConfigurations = (
				2DBF28832F3A7A43009C50A7 /* Debug */,
				2DBF28842F3A7A43009C50A7 /* Release */,
			);
			defaultConfigurationIsVisible = 0;
			defaultConfigurationName = Release;
		};
		2DBF28852F3A7A43009C50A7 /* Build configuration list for PBXNativeTarget "Safari Demo Extension Extension (macOS)" */ = {
			isa = XCConfigurationList;
			buildConfigurations = (
				2DBF28862F3A7A43009C50A7 /* Debug */,
				2DBF28872F3A7A43009C50A7 /* Release */,
			);
			defaultConfigurationIsVisible = 0;
			defaultConfigurationName = Release;
		};
		2DBF28892F3A7A43009C50A7 /* Build configuration list for PBXNativeTarget "Safari Demo Extension (macOS)" */ = {
			isa = XCConfigurationList;
			buildConfigurations = (
				2DBF288A2F3A7A43009C50A7 /* Debug */,
				2DBF288B2F3A7A43009C50A7 /* Release */,
			);
			defaultConfigurationIsVisible = 0;
			defaultConfigurationName = Release;
		};
/* End XCConfigurationList section */
	};
	rootObject = 2DBF282D2F3A7A42009C50A7 /* Project object */;
}
